
Microsoft Visual Studio Solution File, Format Version 12.00
# Visual Studio Version 17
VisualStudioVersion = 17.11.35208.52
MinimumVisualStudioVersion = 10.0.40219.1
Project("{2150E333-8FDC-42A3-9474-1A3956D46DE8}") = "Bootstrapper", "Bootstrapper", "{176E2D06-4EA9-41BD-9EA5-7C3EEB90603D}"
EndProject
Project("{2150E333-8FDC-42A3-9474-1A3956D46DE8}") = "Shared", "Shared", "{FB5A9E46-ACF0-4ADE-8288-8F0832C3A63E}"
EndProject
Project("{9A19103F-16F7-4668-BE54-9A1E7A4F7556}") = "Api", "Bootsrapper\Api\Api.csproj", "{7AEE2867-D206-4A77-869E-BE99E6DDAD27}"
EndProject
Project("{9A19103F-16F7-4668-BE54-9A1E7A4F7556}") = "Shared", "Shared\Shared\Shared.csproj", "{91305FC0-B53D-4F75-A4ED-514E85BC713B}"
EndProject
Project("{2150E333-8FDC-42A3-9474-1A3956D46DE8}") = "Modules", "Modules", "{D72B29AE-01BD-44A4-A364-1CF916D8B001}"
EndProject
Project("{2150E333-8FDC-42A3-9474-1A3956D46DE8}") = "Catalog", "Catalog", "{38142F5D-7C01-4B5C-8759-65A7EAA60AC7}"
EndProject
Project("{2150E333-8FDC-42A3-9474-1A3956D46DE8}") = "Ordering", "Ordering", "{CCCD07BE-625B-442B-8C88-C37404E0A6A3}"
EndProject
Project("{2150E333-8FDC-42A3-9474-1A3956D46DE8}") = "Basket", "Basket", "{1C044C0B-15B3-4396-9076-BA05C6B0369C}"
EndProject
Project("{9A19103F-16F7-4668-BE54-9A1E7A4F7556}") = "Basket", "Modules\Basket\Basket\Basket.csproj", "{CA54E0E6-53C3-49D1-B287-836D04DA5402}"
EndProject
Project("{9A19103F-16F7-4668-BE54-9A1E7A4F7556}") = "Catalog", "Modules\Catalog\Catalog\Catalog.csproj", "{740E167D-3AF2-482A-9E1E-94B4378C43DC}"
EndProject
Project("{9A19103F-16F7-4668-BE54-9A1E7A4F7556}") = "Ordering", "Modules\Ordering\Ordering\Ordering.csproj", "{C45C4DB2-FB3D-4A67-AF9E-DB362BA83B7B}"
EndProject
Project("{E53339B2-1760-4266-BCC7-CA923CBCF16C}") = "docker-compose", "docker-compose.dcproj", "{0C61D909-2C90-4B1A-BE97-1EA23D62804B}"
EndProject
Project("{9A19103F-16F7-4668-BE54-9A1E7A4F7556}") = "Catalog.Contracts", "Modules\Catalog\Catalog.Contracts\Catalog.Contracts.csproj", "{39FA3744-A475-41A2-B045-A98329A1E343}"
EndProject
Project("{9A19103F-16F7-4668-BE54-9A1E7A4F7556}") = "shared.Contracts", "Shared\shared.Contracts\shared.Contracts.csproj", "{460903C6-1539-4226-A114-75BC77AD4185}"
EndProject
Project("{FAE04EC0-301F-11D3-BF4B-00C04F79EFBC}") = "Shared.Messaging", "Shared\Shared.Messaging\Shared.Messaging.csproj", "{E05FEA1A-7BA1-4005-9A2F-B914C44D7DEF}"
EndProject
Global
	GlobalSection(SolutionConfigurationPlatforms) = preSolution
		Debug|Any CPU = Debug|Any CPU
		Release|Any CPU = Release|Any CPU
	EndGlobalSection
	GlobalSection(ProjectConfigurationPlatforms) = postSolution
		{7AEE2867-D206-4A77-869E-BE99E6DDAD27}.Debug|Any CPU.ActiveCfg = Debug|Any CPU
		{7AEE2867-D206-4A77-869E-BE99E6DDAD27}.Debug|Any CPU.Build.0 = Debug|Any CPU
		{7AEE2867-D206-4A77-869E-BE99E6DDAD27}.Release|Any CPU.ActiveCfg = Release|Any CPU
		{7AEE2867-D206-4A77-869E-BE99E6DDAD27}.Release|Any CPU.Build.0 = Release|Any CPU
		{91305FC0-B53D-4F75-A4ED-514E85BC713B}.Debug|Any CPU.ActiveCfg = Debug|Any CPU
		{91305FC0-B53D-4F75-A4ED-514E85BC713B}.Debug|Any CPU.Build.0 = Debug|Any CPU
		{91305FC0-B53D-4F75-A4ED-514E85BC713B}.Release|Any CPU.ActiveCfg = Release|Any CPU
		{91305FC0-B53D-4F75-A4ED-514E85BC713B}.Release|Any CPU.Build.0 = Release|Any CPU
		{CA54E0E6-53C3-49D1-B287-836D04DA5402}.Debug|Any CPU.ActiveCfg = Debug|Any CPU
		{CA54E0E6-53C3-49D1-B287-836D04DA5402}.Debug|Any CPU.Build.0 = Debug|Any CPU
		{CA54E0E6-53C3-49D1-B287-836D04DA5402}.Release|Any CPU.ActiveCfg = Release|Any CPU
		{CA54E0E6-53C3-49D1-B287-836D04DA5402}.Release|Any CPU.Build.0 = Release|Any CPU
		{740E167D-3AF2-482A-9E1E-94B4378C43DC}.Debug|Any CPU.ActiveCfg = Debug|Any CPU
		{740E167D-3AF2-482A-9E1E-94B4378C43DC}.Debug|Any CPU.Build.0 = Debug|Any CPU
		{740E167D-3AF2-482A-9E1E-94B4378C43DC}.Release|Any CPU.ActiveCfg = Release|Any CPU
		{740E167D-3AF2-482A-9E1E-94B4378C43DC}.Release|Any CPU.Build.0 = Release|Any CPU
		{C45C4DB2-FB3D-4A67-AF9E-DB362BA83B7B}.Debug|Any CPU.ActiveCfg = Debug|Any CPU
		{C45C4DB2-FB3D-4A67-AF9E-DB362BA83B7B}.Debug|Any CPU.Build.0 = Debug|Any CPU
		{C45C4DB2-FB3D-4A67-AF9E-DB362BA83B7B}.Release|Any CPU.ActiveCfg = Release|Any CPU
		{C45C4DB2-FB3D-4A67-AF9E-DB362BA83B7B}.Release|Any CPU.Build.0 = Release|Any CPU
		{0C61D909-2C90-4B1A-BE97-1EA23D62804B}.Debug|Any CPU.ActiveCfg = Debug|Any CPU
		{0C61D909-2C90-4B1A-BE97-1EA23D62804B}.Debug|Any CPU.Build.0 = Debug|Any CPU
		{0C61D909-2C90-4B1A-BE97-1EA23D62804B}.Release|Any CPU.ActiveCfg = Release|Any CPU
		{0C61D909-2C90-4B1A-BE97-1EA23D62804B}.Release|Any CPU.Build.0 = Release|Any CPU
		{39FA3744-A475-41A2-B045-A98329A1E343}.Debug|Any CPU.ActiveCfg = Debug|Any CPU
		{39FA3744-A475-41A2-B045-A98329A1E343}.Debug|Any CPU.Build.0 = Debug|Any CPU
		{39FA3744-A475-41A2-B045-A98329A1E343}.Release|Any CPU.ActiveCfg = Release|Any CPU
		{39FA3744-A475-41A2-B045-A98329A1E343}.Release|Any CPU.Build.0 = Release|Any CPU
		{460903C6-1539-4226-A114-75BC77AD4185}.Debug|Any CPU.ActiveCfg = Debug|Any CPU
		{460903C6-1539-4226-A114-75BC77AD4185}.Debug|Any CPU.Build.0 = Debug|Any CPU
		{460903C6-1539-4226-A114-75BC77AD4185}.Release|Any CPU.ActiveCfg = Release|Any CPU
		{460903C6-1539-4226-A114-75BC77AD4185}.Release|Any CPU.Build.0 = Release|Any CPU
		{E05FEA1A-7BA1-4005-9A2F-B914C44D7DEF}.Debug|Any CPU.ActiveCfg = Debug|Any CPU
		{E05FEA1A-7BA1-4005-9A2F-B914C44D7DEF}.Debug|Any CPU.Build.0 = Debug|Any CPU
		{E05FEA1A-7BA1-4005-9A2F-B914C44D7DEF}.Release|Any CPU.ActiveCfg = Release|Any CPU
		{E05FEA1A-7BA1-4005-9A2F-B914C44D7DEF}.Release|Any CPU.Build.0 = Release|Any CPU
	EndGlobalSection
	GlobalSection(SolutionProperties) = preSolution
		HideSolutionNode = FALSE
	EndGlobalSection
	GlobalSection(NestedProjects) = preSolution
		{7AEE2867-D206-4A77-869E-BE99E6DDAD27} = {176E2D06-4EA9-41BD-9EA5-7C3EEB90603D}
		{91305FC0-B53D-4F75-A4ED-514E85BC713B} = {FB5A9E46-ACF0-4ADE-8288-8F0832C3A63E}
		{38142F5D-7C01-4B5C-8759-65A7EAA60AC7} = {D72B29AE-01BD-44A4-A364-1CF916D8B001}
		{CCCD07BE-625B-442B-8C88-C37404E0A6A3} = {D72B29AE-01BD-44A4-A364-1CF916D8B001}
		{1C044C0B-15B3-4396-9076-BA05C6B0369C} = {D72B29AE-01BD-44A4-A364-1CF916D8B001}
		{CA54E0E6-53C3-49D1-B287-836D04DA5402} = {1C044C0B-15B3-4396-9076-BA05C6B0369C}
		{740E167D-3AF2-482A-9E1E-94B4378C43DC} = {38142F5D-7C01-4B5C-8759-65A7EAA60AC7}
		{C45C4DB2-FB3D-4A67-AF9E-DB362BA83B7B} = {CCCD07BE-625B-442B-8C88-C37404E0A6A3}
		{39FA3744-A475-41A2-B045-A98329A1E343} = {38142F5D-7C01-4B5C-8759-65A7EAA60AC7}
		{460903C6-1539-4226-A114-75BC77AD4185} = {FB5A9E46-ACF0-4ADE-8288-8F0832C3A63E}
		{E05FEA1A-7BA1-4005-9A2F-B914C44D7DEF} = {FB5A9E46-ACF0-4ADE-8288-8F0832C3A63E}
	EndGlobalSection
	GlobalSection(ExtensibilityGlobals) = postSolution
		SolutionGuid = {41BBBA36-4E0A-473C-8A2D-D72D6BBA357F}
	EndGlobalSection
EndGlobal
